
Microsoft Visual Studio Solution File, Format Version 12.00
# Visual Studio Version 17
VisualStudioVersion = 17.8.34316.72
MinimumVisualStudioVersion = 10.0.40219.1
Project("{FAE04EC0-301F-11D3-BF4B-00C04F79EFBC}") = "GlobalUsingStatements", "GlobalUsingStatements\GlobalUsingStatements.csproj", "{A9EEF0B0-53C9-42C8-A32F-E5F6A28A1305}"
EndProject
Global
	GlobalSection(SolutionConfigurationPlatforms) = preSolution
		Debug|Any CPU = Debug|Any CPU
		Release|Any CPU = Release|Any CPU
	EndGlobalSection
	GlobalSection(ProjectConfigurationPlatforms) = postSolution
		{A9EEF0B0-53C9-42C8-A32F-E5F6A28A1305}.Debug|Any CPU.ActiveCfg = Debug|Any CPU
		{A9EEF0B0-53C9-42C8-A32F-E5F6A28A1305}.Debug|Any CPU.Build.0 = Debug|Any CPU
		{A9EEF0B0-53C9-42C8-A32F-E5F6A28A1305}.Release|Any CPU.ActiveCfg = Release|Any CPU
		{A9EEF0B0-53C9-42C8-A32F-E5F6A28A1305}.Release|Any CPU.Build.0 = Release|Any CPU
	EndGlobalSection
	GlobalSection(SolutionProperties) = preSolution
		HideSolutionNode = FALSE
	EndGlobalSection
	GlobalSection(ExtensibilityGlobals) = postSolution
		SolutionGuid = {05E928C8-736A-442F-877E-8A70F17958ED}
	EndGlobalSection
EndGlobal
